// !$*UTF8*$!
{
	archiveVersion = 1;
	classes = {
	};
	objectVersion = 56;
	objects = {

/* Begin PBXBuildFile section */
		E496FDC1291C1C4800D25CEA /* NetworkManager.swift in Sources */ = {isa = PBXBuildFile; fileRef = E496FDC0291C1C4800D25CEA /* NetworkManager.swift */; };
		E4AC4263291C05E000D2B9AB /* AppDelegate.swift in Sources */ = {isa = PBXBuildFile; fileRef = E4AC4262291C05E000D2B9AB /* AppDelegate.swift */; };
		E4AC4265291C05E000D2B9AB /* SceneDelegate.swift in Sources */ = {isa = PBXBuildFile; fileRef = E4AC4264291C05E000D2B9AB /* SceneDelegate.swift */; };
		E4AC4267291C05E000D2B9AB /* PlacesViewController.swift in Sources */ = {isa = PBXBuildFile; fileRef = E4AC4266291C05E000D2B9AB /* PlacesViewController.swift */; };
		E4AC426A291C05E000D2B9AB /* Main.storyboard in Resources */ = {isa = PBXBuildFile; fileRef = E4AC4268291C05E000D2B9AB /* Main.storyboard */; };
		E4AC426C291C05E400D2B9AB /* Assets.xcassets in Resources */ = {isa = PBXBuildFile; fileRef = E4AC426B291C05E400D2B9AB /* Assets.xcassets */; };
		E4AC426F291C05E400D2B9AB /* LaunchScreen.storyboard in Resources */ = {isa = PBXBuildFile; fileRef = E4AC426D291C05E400D2B9AB /* LaunchScreen.storyboard */; };
		E4AC4279291C065300D2B9AB /* Zip.swift in Sources */ = {isa = PBXBuildFile; fileRef = E4AC4278291C065300D2B9AB /* Zip.swift */; };
		E4AC427D291C103300D2B9AB /* PlaceCell.swift in Sources */ = {isa = PBXBuildFile; fileRef = E4AC427C291C103300D2B9AB /* PlaceCell.swift */; };
		E4D5E35229210B16008C5E7F /* Alamofire in Frameworks */ = {isa = PBXBuildFile; productRef = E4D5E35129210B16008C5E7F /* Alamofire */; };
/* End PBXBuildFile section */

/* Begin PBXFileReference section */
		E496FDC0291C1C4800D25CEA /* NetworkManager.swift */ = {isa = PBXFileReference; lastKnownFileType = sourcecode.swift; path = NetworkManager.swift; sourceTree = "<group>"; };
		E4AC425F291C05E000D2B9AB /* ZippopotamusAPI.app */ = {isa = PBXFileReference; explicitFileType = wrapper.application; includeInIndex = 0; path = ZippopotamusAPI.app; sourceTree = BUILT_PRODUCTS_DIR; };
		E4AC4262291C05E000D2B9AB /* AppDelegate.swift */ = {isa = PBXFileReference; lastKnownFileType = sourcecode.swift; path = AppDelegate.swift; sourceTree = "<group>"; };
		E4AC4264291C05E000D2B9AB /* SceneDelegate.swift */ = {isa = PBXFileReference; lastKnownFileType = sourcecode.swift; path = SceneDelegate.swift; sourceTree = "<group>"; };
		E4AC4266291C05E000D2B9AB /* PlacesViewController.swift */ = {isa = PBXFileReference; lastKnownFileType = sourcecode.swift; path = PlacesViewController.swift; sourceTree = "<group>"; };
		E4AC4269291C05E000D2B9AB /* Base */ = {isa = PBXFileReference; lastKnownFileType = file.storyboard; name = Base; path = Base.lproj/Main.storyboard; sourceTree = "<group>"; };
		E4AC426B291C05E400D2B9AB /* Assets.xcassets */ = {isa = PBXFileReference; lastKnownFileType = folder.assetcatalog; path = Assets.xcassets; sourceTree = "<group>"; };
		E4AC426E291C05E400D2B9AB /* Base */ = {isa = PBXFileReference; lastKnownFileType = file.storyboard; name = Base; path = Base.lproj/LaunchScreen.storyboard; sourceTree = "<group>"; };
		E4AC4270291C05E400D2B9AB /* Info.plist */ = {isa = PBXFileReference; lastKnownFileType = text.plist.xml; path = Info.plist; sourceTree = "<group>"; };
		E4AC4278291C065300D2B9AB /* Zip.swift */ = {isa = PBXFileReference; lastKnownFileType = sourcecode.swift; path = Zip.swift; sourceTree = "<group>"; };
		E4AC427C291C103300D2B9AB /* PlaceCell.swift */ = {isa = PBXFileReference; lastKnownFileType = sourcecode.swift; path = PlaceCell.swift; sourceTree = "<group>"; };
/* End PBXFileReference section */

/* Begin PBXFrameworksBuildPhase section */
		E4AC425C291C05E000D2B9AB /* Frameworks */ = {
			isa = PBXFrameworksBuildPhase;
			buildActionMask = 2147483647;
			files = (
				E4D5E35229210B16008C5E7F /* Alamofire in Frameworks */,
			);
			runOnlyForDeploymentPostprocessing = 0;
		};
/* End PBXFrameworksBuildPhase section */

/* Begin PBXGroup section */
		E496FDC2291C1C4B00D25CEA /* Services */ = {
			isa = PBXGroup;
			children = (
				E496FDC0291C1C4800D25CEA /* NetworkManager.swift */,
			);
			path = Services;
			sourceTree = "<group>";
		};
		E4AC4256291C05E000D2B9AB = {
			isa = PBXGroup;
			children = (
				E4AC4261291C05E000D2B9AB /* ZippopotamusAPI */,
				E4AC4260291C05E000D2B9AB /* Products */,
			);
			sourceTree = "<group>";
		};
		E4AC4260291C05E000D2B9AB /* Products */ = {
			isa = PBXGroup;
			children = (
				E4AC425F291C05E000D2B9AB /* ZippopotamusAPI.app */,
			);
			name = Products;
			sourceTree = "<group>";
		};
		E4AC4261291C05E000D2B9AB /* ZippopotamusAPI */ = {
			isa = PBXGroup;
			children = (
				E4AC427E291C103500D2B9AB /* Views */,
				E4AC427B291C071F00D2B9AB /* ViewControllers */,
				E4AC427A291C071400D2B9AB /* Models */,
				E496FDC2291C1C4B00D25CEA /* Services */,
				E4AC4277291C060A00D2B9AB /* Storyboards */,
				E4AC4276291C060100D2B9AB /* App */,
				E4AC426B291C05E400D2B9AB /* Assets.xcassets */,
			);
			path = ZippopotamusAPI;
			sourceTree = "<group>";
		};
		E4AC4276291C060100D2B9AB /* App */ = {
			isa = PBXGroup;
			children = (
				E4AC4262291C05E000D2B9AB /* AppDelegate.swift */,
				E4AC4264291C05E000D2B9AB /* SceneDelegate.swift */,
				E4AC4270291C05E400D2B9AB /* Info.plist */,
			);
			path = App;
			sourceTree = "<group>";
		};
		E4AC4277291C060A00D2B9AB /* Storyboards */ = {
			isa = PBXGroup;
			children = (
				E4AC4268291C05E000D2B9AB /* Main.storyboard */,
				E4AC426D291C05E400D2B9AB /* LaunchScreen.storyboard */,
			);
			path = Storyboards;
			sourceTree = "<group>";
		};
		E4AC427A291C071400D2B9AB /* Models */ = {
			isa = PBXGroup;
			children = (
				E4AC4278291C065300D2B9AB /* Zip.swift */,
			);
			path = Models;
			sourceTree = "<group>";
		};
		E4AC427B291C071F00D2B9AB /* ViewControllers */ = {
			isa = PBXGroup;
			children = (
				E4AC4266291C05E000D2B9AB /* PlacesViewController.swift */,
			);
			path = ViewControllers;
			sourceTree = "<group>";
		};
		E4AC427E291C103500D2B9AB /* Views */ = {
			isa = PBXGroup;
			children = (
				E4AC427C291C103300D2B9AB /* PlaceCell.swift */,
			);
			path = Views;
			sourceTree = "<group>";
		};
/* End PBXGroup section */

/* Begin PBXNativeTarget section */
		E4AC425E291C05E000D2B9AB /* ZippopotamusAPI */ = {
			isa = PBXNativeTarget;
			buildConfigurationList = E4AC4273291C05E400D2B9AB /* Build configuration list for PBXNativeTarget "ZippopotamusAPI" */;
			buildPhases = (
				E4AC425B291C05E000D2B9AB /* Sources */,
				E4AC425C291C05E000D2B9AB /* Frameworks */,
				E4AC425D291C05E000D2B9AB /* Resources */,
			);
			buildRules = (
			);
			dependencies = (
			);
			name = ZippopotamusAPI;
			packageProductDependencies = (
				E4D5E35129210B16008C5E7F /* Alamofire */,
			);
			productName = ZippopotamusAPI;
			productReference = E4AC425F291C05E000D2B9AB /* ZippopotamusAPI.app */;
			productType = "com.apple.product-type.application";
		};
/* End PBXNativeTarget section */

/* Begin PBXProject section */
		E4AC4257291C05E000D2B9AB /* Project object */ = {
			isa = PBXProject;
			attributes = {
				BuildIndependentTargetsInParallel = 1;
				LastSwiftUpdateCheck = 1410;
				LastUpgradeCheck = 1410;
				TargetAttributes = {
					E4AC425E291C05E000D2B9AB = {
						CreatedOnToolsVersion = 14.1;
					};
				};
			};
			buildConfigurationList = E4AC425A291C05E000D2B9AB /* Build configuration list for PBXProject "ZippopotamusAPI" */;
			compatibilityVersion = "Xcode 14.0";
			developmentRegion = en;
			hasScannedForEncodings = 0;
			knownRegions = (
				en,
				Base,
			);
			mainGroup = E4AC4256291C05E000D2B9AB;
			packageReferences = (
				E4D5E35029210B16008C5E7F /* XCRemoteSwiftPackageReference "Alamofire" */,
			);
			productRefGroup = E4AC4260291C05E000D2B9AB /* Products */;
			projectDirPath = "";
			projectRoot = "";
			targets = (
				E4AC425E291C05E000D2B9AB /* ZippopotamusAPI */,
			);
		};
/* End PBXProject section */

/* Begin PBXResourcesBuildPhase section */
		E4AC425D291C05E000D2B9AB /* Resources */ = {
			isa = PBXResourcesBuildPhase;
			buildActionMask = 2147483647;
			files = (
				E4AC426F291C05E400D2B9AB /* LaunchScreen.storyboard in Resources */,
				E4AC426C291C05E400D2B9AB /* Assets.xcassets in Resources */,
				E4AC426A291C05E000D2B9AB /* Main.storyboard in Resources */,
			);
			runOnlyForDeploymentPostprocessing = 0;
		};
/* End PBXResourcesBuildPhase section */

/* Begin PBXSourcesBuildPhase section */
		E4AC425B291C05E000D2B9AB /* Sources */ = {
			isa = PBXSourcesBuildPhase;
			buildActionMask = 2147483647;
			files = (
				E496FDC1291C1C4800D25CEA /* NetworkManager.swift in Sources */,
				E4AC4267291C05E000D2B9AB /* PlacesViewController.swift in Sources */,
				E4AC427D291C103300D2B9AB /* PlaceCell.swift in Sources */,
				E4AC4263291C05E000D2B9AB /* AppDelegate.swift in Sources */,
				E4AC4265291C05E000D2B9AB /* SceneDelegate.swift in Sources */,
				E4AC4279291C065300D2B9AB /* Zip.swift in Sources */,
			);
			runOnlyForDeploymentPostprocessing = 0;
		};
/* End PBXSourcesBuildPhase section */

/* Begin PBXVariantGroup section */
		E4AC4268291C05E000D2B9AB /* Main.storyboard */ = {
			isa = PBXVariantGroup;
			children = (
				E4AC4269291C05E000D2B9AB /* Base */,
			);
			name = Main.storyboard;
			sourceTree = "<group>";
		};
		E4AC426D291C05E400D2B9AB /* LaunchScreen.storyboard */ = {
			isa = PBXVariantGroup;
			children = (
				E4AC426E291C05E400D2B9AB /* Base */,
			);
			name = LaunchScreen.storyboard;
			sourceTree = "<group>";
		};
/* End PBXVariantGroup section */

/* Begin XCBuildConfiguration section */
		E4AC4271291C05E400D2B9AB /* Debug */ = {
			isa = XCBuildConfiguration;
			buildSettings = {
				ALWAYS_SEARCH_USER_PATHS = NO;
				CLANG_ANALYZER_NONNULL = YES;
				CLANG_ANALYZER_NUMBER_OBJECT_CONVERSION = YES_AGGRESSIVE;
				CLANG_CXX_LANGUAGE_STANDARD = "gnu++20";
				CLANG_ENABLE_MODULES = YES;
				CLANG_ENABLE_OBJC_ARC = YES;
				CLANG_ENABLE_OBJC_WEAK = YES;
				CLANG_WARN_BLOCK_CAPTURE_AUTORELEASING = YES;
				CLANG_WARN_BOOL_CONVERSION = YES;
				CLANG_WARN_COMMA = YES;
				CLANG_WARN_CONSTANT_CONVERSION = YES;
				CLANG_WARN_DEPRECATED_OBJC_IMPLEMENTATIONS = YES;
				CLANG_WARN_DIRECT_OBJC_ISA_USAGE = YES_ERROR;
				CLANG_WARN_DOCUMENTATION_COMMENTS = YES;
				CLANG_WARN_EMPTY_BODY = YES;
				CLANG_WARN_ENUM_CONVERSION = YES;
				CLANG_WARN_INFINITE_RECURSION = YES;
				CLANG_WARN_INT_CONVERSION = YES;
				CLANG_WARN_NON_LITERAL_NULL_CONVERSION = YES;
				CLANG_WARN_OBJC_IMPLICIT_RETAIN_SELF = YES;
				CLANG_WARN_OBJC_LITERAL_CONVERSION = YES;
				CLANG_WARN_OBJC_ROOT_CLASS = YES_ERROR;
				CLANG_WARN_QUOTED_INCLUDE_IN_FRAMEWORK_HEADER = YES;
				CLANG_WARN_RANGE_LOOP_ANALYSIS = YES;
				CLANG_WARN_STRICT_PROTOTYPES = YES;
				CLANG_WARN_SUSPICIOUS_MOVE = YES;
				CLANG_WARN_UNGUARDED_AVAILABILITY = YES_AGGRESSIVE;
				CLANG_WARN_UNREACHABLE_CODE = YES;
				CLANG_WARN__DUPLICATE_METHOD_MATCH = YES;
				COPY_PHASE_STRIP = NO;
				DEBUG_INFORMATION_FORMAT = dwarf;
				ENABLE_STRICT_OBJC_MSGSEND = YES;
				ENABLE_TESTABILITY = YES;
				GCC_C_LANGUAGE_STANDARD = gnu11;
				GCC_DYNAMIC_NO_PIC = NO;
				GCC_NO_COMMON_BLOCKS = YES;
				GCC_OPTIMIZATION_LEVEL = 0;
				GCC_PREPROCESSOR_DEFINITIONS = (
					"DEBUG=1",
					"$(inherited)",
				);
				GCC_WARN_64_TO_32_BIT_CONVERSION = YES;
				GCC_WARN_ABOUT_RETURN_TYPE = YES_ERROR;
				GCC_WARN_UNDECLARED_SELECTOR = YES;
				GCC_WARN_UNINITIALIZED_AUTOS = YES_AGGRESSIVE;
				GCC_WARN_UNUSED_FUNCTION = YES;
				GCC_WARN_UNUSED_VARIABLE = YES;
				IPHONEOS_DEPLOYMENT_TARGET = 16.1;
				MTL_ENABLE_DEBUG_INFO = INCLUDE_SOURCE;
				MTL_FAST_MATH = YES;
				ONLY_ACTIVE_ARCH = YES;
				SDKROOT = iphoneos;
				SWIFT_ACTIVE_COMPILATION_CONDITIONS = DEBUG;
				SWIFT_OPTIMIZATION_LEVEL = "-Onone";
			};
			name = Debug;
		};
		E4AC4272291C05E400D2B9AB /* Release */ = {
			isa = XCBuildConfiguration;
			buildSettings = {
				ALWAYS_SEARCH_USER_PATHS = NO;
				CLANG_ANALYZER_NONNULL = YES;
				CLANG_ANALYZER_NUMBER_OBJECT_CONVERSION = YES_AGGRESSIVE;
				CLANG_CXX_LANGUAGE_STANDARD = "gnu++20";
				CLANG_ENABLE_MODULES = YES;
				CLANG_ENABLE_OBJC_ARC = YES;
				CLANG_ENABLE_OBJC_WEAK = YES;
				CLANG_WARN_BLOCK_CAPTURE_AUTORELEASING = YES;
				CLANG_WARN_BOOL_CONVERSION = YES;
				CLANG_WARN_COMMA = YES;
				CLANG_WARN_CONSTANT_CONVERSION = YES;
				CLANG_WARN_DEPRECATED_OBJC_IMPLEMENTATIONS = YES;
				CLANG_WARN_DIRECT_OBJC_ISA_USAGE = YES_ERROR;
				CLANG_WARN_DOCUMENTATION_COMMENTS = YES;
				CLANG_WARN_EMPTY_BODY = YES;
				CLANG_WARN_ENUM_CONVERSION = YES;
				CLANG_WARN_INFINITE_RECURSION = YES;
				CLANG_WARN_INT_CONVERSION = YES;
				CLANG_WARN_NON_LITERAL_NULL_CONVERSION = YES;
				CLANG_WARN_OBJC_IMPLICIT_RETAIN_SELF = YES;
				CLANG_WARN_OBJC_LITERAL_CONVERSION = YES;
				CLANG_WARN_OBJC_ROOT_CLASS = YES_ERROR;
				CLANG_WARN_QUOTED_INCLUDE_IN_FRAMEWORK_HEADER = YES;
				CLANG_WARN_RANGE_LOOP_ANALYSIS = YES;
				CLANG_WARN_STRICT_PROTOTYPES = YES;
				CLANG_WARN_SUSPICIOUS_MOVE = YES;
				CLANG_WARN_UNGUARDED_AVAILABILITY = YES_AGGRESSIVE;
				CLANG_WARN_UNREACHABLE_CODE = YES;
				CLANG_WARN__DUPLICATE_METHOD_MATCH = YES;
				COPY_PHASE_STRIP = NO;
				DEBUG_INFORMATION_FORMAT = "dwarf-with-dsym";
				ENABLE_NS_ASSERTIONS = NO;
				ENABLE_STRICT_OBJC_MSGSEND = YES;
				GCC_C_LANGUAGE_STANDARD = gnu11;
				GCC_NO_COMMON_BLOCKS = YES;
				GCC_WARN_64_TO_32_BIT_CONVERSION = YES;
				GCC_WARN_ABOUT_RETURN_TYPE = YES_ERROR;
				GCC_WARN_UNDECLARED_SELECTOR = YES;
				GCC_WARN_UNINITIALIZED_AUTOS = YES_AGGRESSIVE;
				GCC_WARN_UNUSED_FUNCTION = YES;
				GCC_WARN_UNUSED_VARIABLE = YES;
				IPHONEOS_DEPLOYMENT_TARGET = 16.1;
				MTL_ENABLE_DEBUG_INFO = NO;
				MTL_FAST_MATH = YES;
				SDKROOT = iphoneos;
				SWIFT_COMPILATION_MODE = wholemodule;
				SWIFT_OPTIMIZATION_LEVEL = "-O";
				VALIDATE_PRODUCT = YES;
			};
			name = Release;
		};
		E4AC4274291C05E400D2B9AB /* Debug */ = {
			isa = XCBuildConfiguration;
			buildSettings = {
				ASSETCATALOG_COMPILER_APPICON_NAME = AppIcon;
				ASSETCATALOG_COMPILER_GLOBAL_ACCENT_COLOR_NAME = AccentColor;
				CODE_SIGN_STYLE = Automatic;
				CURRENT_PROJECT_VERSION = 1;
				DEVELOPMENT_TEAM = X7QDNJU74Z;
				GENERATE_INFOPLIST_FILE = YES;
				INFOPLIST_FILE = ZippopotamusAPI/App/Info.plist;
				INFOPLIST_KEY_UIApplicationSupportsIndirectInputEvents = YES;
				INFOPLIST_KEY_UILaunchStoryboardName = LaunchScreen;
				INFOPLIST_KEY_UIMainStoryboardFile = Main;
				INFOPLIST_KEY_UISupportedInterfaceOrientations = "UIInterfaceOrientationLandscapeRight UIInterfaceOrientationPortrait";
				INFOPLIST_KEY_UISupportedInterfaceOrientations_iPad = "UIInterfaceOrientationLandscapeLeft UIInterfaceOrientationLandscapeRight UIInterfaceOrientationPortrait UIInterfaceOrientationPortraitUpsideDown";
				LD_RUNPATH_SEARCH_PATHS = (
					"$(inherited)",
					"@executable_path/Frameworks",
				);
				MARKETING_VERSION = 1.0;
				PRODUCT_BUNDLE_IDENTIFIER = "Ruslan-Shigapov.ZippopotamusAPI";
				PRODUCT_NAME = "$(TARGET_NAME)";
				SUPPORTED_PLATFORMS = "iphoneos iphonesimulator";
				SUPPORTS_MACCATALYST = NO;
				SUPPORTS_MAC_DESIGNED_FOR_IPHONE_IPAD = NO;
				SWIFT_EMIT_LOC_STRINGS = YES;
				SWIFT_VERSION = 5.0;
				TARGETED_DEVICE_FAMILY = 1;
			};
			name = Debug;
		};
		E4AC4275291C05E400D2B9AB /* Release */ = {
			isa = XCBuildConfiguration;
			buildSettings = {
				ASSETCATALOG_COMPILER_APPICON_NAME = AppIcon;
				ASSETCATALOG_COMPILER_GLOBAL_ACCENT_COLOR_NAME = AccentColor;
				CODE_SIGN_STYLE = Automatic;
				CURRENT_PROJECT_VERSION = 1;
				DEVELOPMENT_TEAM = X7QDNJU74Z;
				GENERATE_INFOPLIST_FILE = YES;
				INFOPLIST_FILE = ZippopotamusAPI/App/Info.plist;
				INFOPLIST_KEY_UIApplicationSupportsIndirectInputEvents = YES;
				INFOPLIST_KEY_UILaunchStoryboardName = LaunchScreen;
				INFOPLIST_KEY_UIMainStoryboardFile = Main;
				INFOPLIST_KEY_UISupportedInterfaceOrientations = "UIInterfaceOrientationLandscapeRight UIInterfaceOrientationPortrait";
				INFOPLIST_KEY_UISupportedInterfaceOrientations_iPad = "UIInterfaceOrientationLandscapeLeft UIInterfaceOrientationLandscapeRight UIInterfaceOrientationPortrait UIInterfaceOrientationPortraitUpsideDown";
				LD_RUNPATH_SEARCH_PATHS = (
					"$(inherited)",
					"@executable_path/Frameworks",
				);
				MARKETING_VERSION = 1.0;
				PRODUCT_BUNDLE_IDENTIFIER = "Ruslan-Shigapov.ZippopotamusAPI";
				PRODUCT_NAME = "$(TARGET_NAME)";
				SUPPORTED_PLATFORMS = "iphoneos iphonesimulator";
				SUPPORTS_MACCATALYST = NO;
				SUPPORTS_MAC_DESIGNED_FOR_IPHONE_IPAD = NO;
				SWIFT_EMIT_LOC_STRINGS = YES;
				SWIFT_VERSION = 5.0;
				TARGETED_DEVICE_FAMILY = 1;
			};
			name = Release;
		};
/* End XCBuildConfiguration section */

/* Begin XCConfigurationList section */
		E4AC425A291C05E000D2B9AB /* Build configuration list for PBXProject "ZippopotamusAPI" */ = {
			isa = XCConfigurationList;
			buildConfigurations = (
				E4AC4271291C05E400D2B9AB /* Debug */,
				E4AC4272291C05E400D2B9AB /* Release */,
			);
			defaultConfigurationIsVisible = 0;
			defaultConfigurationName = Release;
		};
		E4AC4273291C05E400D2B9AB /* Build configuration list for PBXNativeTarget "ZippopotamusAPI" */ = {
			isa = XCConfigurationList;
			buildConfigurations = (
				E4AC4274291C05E400D2B9AB /* Debug */,
				E4AC4275291C05E400D2B9AB /* Release */,
			);
			defaultConfigurationIsVisible = 0;
			defaultConfigurationName = Release;
		};
/* End XCConfigurationList section */

/* Begin XCRemoteSwiftPackageReference section */
		E4D5E35029210B16008C5E7F /* XCRemoteSwiftPackageReference "Alamofire" */ = {
			isa = XCRemoteSwiftPackageReference;
			repositoryURL = "https://github.com/Alamofire/Alamofire.git";
			requirement = {
				kind = exactVersion;
				version = 5.0.0;
			};
		};
/* End XCRemoteSwiftPackageReference section */

/* Begin XCSwiftPackageProductDependency section */
		E4D5E35129210B16008C5E7F /* Alamofire */ = {
			isa = XCSwiftPackageProductDependency;
			package = E4D5E35029210B16008C5E7F /* XCRemoteSwiftPackageReference "Alamofire" */;
			productName = Alamofire;
		};
/* End XCSwiftPackageProductDependency section */
	};
	rootObject = E4AC4257291C05E000D2B9AB /* Project object */;
}
